
Microsoft Visual Studio Solution File, Format Version 12.00
# Visual Studio 2013
VisualStudioVersion = 12.0.31010.0
MinimumVisualStudioVersion = 10.0.40219.1
Project("{FAE04EC0-301F-11D3-BF4B-00C04F79EFBC}") = "TestConsoleApp", "TestConsoleApp\TestConsoleApp.csproj", "{77185254-7657-4D37-B5A7-2961894F3B2F}"
EndProject
Project("{FAE04EC0-301F-11D3-BF4B-00C04F79EFBC}") = "AG.LiteLoggers", "LiteLoggers\AG.LiteLoggers.csproj", "{F46AAF93-2AFF-4970-BEB0-8DCABCEA4278}"
EndProject
Project("{FAE04EC0-301F-11D3-BF4B-00C04F79EFBC}") = "AG.LiteLoggers.Tests", "AG.LiteLoggers.Tests\AG.LiteLoggers.Tests.csproj", "{55AF7E34-172A-44D0-B75D-F772AAED61C9}"
EndProject
Global
	GlobalSection(TeamFoundationVersionControl) = preSolution
		SccNumberOfProjects = 4
		SccEnterpriseProvider = {4CA58AB2-18FA-4F8D-95D4-32DDF27D184C}
		SccTeamFoundationServer = https://anatoliig.visualstudio.com/defaultcollection
		SccLocalPath0 = .
		SccProjectUniqueName1 = TestConsoleApp\\TestConsoleApp.csproj
		SccProjectName1 = TestConsoleApp
		SccLocalPath1 = TestConsoleApp
		SccProjectUniqueName2 = LiteLoggers\\AG.LiteLoggers.csproj
		SccProjectName2 = LiteLoggers
		SccLocalPath2 = LiteLoggers
		SccProjectUniqueName3 = AG.LiteLoggers.Tests\\AG.LiteLoggers.Tests.csproj
		SccProjectName3 = AG.LiteLoggers.Tests
		SccLocalPath3 = AG.LiteLoggers.Tests
	EndGlobalSection
	GlobalSection(SolutionConfigurationPlatforms) = preSolution
		Debug|Any CPU = Debug|Any CPU
		Release|Any CPU = Release|Any CPU
		ReleaseMasked|Any CPU = ReleaseMasked|Any CPU
	EndGlobalSection
	GlobalSection(ProjectConfigurationPlatforms) = postSolution
		{77185254-7657-4D37-B5A7-2961894F3B2F}.Debug|Any CPU.ActiveCfg = Debug|Any CPU
		{77185254-7657-4D37-B5A7-2961894F3B2F}.Debug|Any CPU.Build.0 = Debug|Any CPU
		{77185254-7657-4D37-B5A7-2961894F3B2F}.Release|Any CPU.ActiveCfg = Release|Any CPU
		{77185254-7657-4D37-B5A7-2961894F3B2F}.Release|Any CPU.Build.0 = Release|Any CPU
		{77185254-7657-4D37-B5A7-2961894F3B2F}.ReleaseMasked|Any CPU.ActiveCfg = Release|Any CPU
		{77185254-7657-4D37-B5A7-2961894F3B2F}.ReleaseMasked|Any CPU.Build.0 = Release|Any CPU
		{F46AAF93-2AFF-4970-BEB0-8DCABCEA4278}.Debug|Any CPU.ActiveCfg = Debug|Any CPU
		{F46AAF93-2AFF-4970-BEB0-8DCABCEA4278}.Debug|Any CPU.Build.0 = Debug|Any CPU
		{F46AAF93-2AFF-4970-BEB0-8DCABCEA4278}.Release|Any CPU.ActiveCfg = Release|Any CPU
		{F46AAF93-2AFF-4970-BEB0-8DCABCEA4278}.Release|Any CPU.Build.0 = Release|Any CPU
		{F46AAF93-2AFF-4970-BEB0-8DCABCEA4278}.ReleaseMasked|Any CPU.ActiveCfg = ReleaseMasked|Any CPU
		{F46AAF93-2AFF-4970-BEB0-8DCABCEA4278}.ReleaseMasked|Any CPU.Build.0 = ReleaseMasked|Any CPU
		{55AF7E34-172A-44D0-B75D-F772AAED61C9}.Debug|Any CPU.ActiveCfg = Debug|Any CPU
		{55AF7E34-172A-44D0-B75D-F772AAED61C9}.Debug|Any CPU.Build.0 = Debug|Any CPU
		{55AF7E34-172A-44D0-B75D-F772AAED61C9}.Release|Any CPU.ActiveCfg = Release|Any CPU
		{55AF7E34-172A-44D0-B75D-F772AAED61C9}.Release|Any CPU.Build.0 = Release|Any CPU
		{55AF7E34-172A-44D0-B75D-F772AAED61C9}.ReleaseMasked|Any CPU.ActiveCfg = Release|Any CPU
		{55AF7E34-172A-44D0-B75D-F772AAED61C9}.ReleaseMasked|Any CPU.Build.0 = Release|Any CPU
	EndGlobalSection
	GlobalSection(SolutionProperties) = preSolution
		HideSolutionNode = FALSE
	EndGlobalSection
EndGlobal
